# THIS IS AN AUTOGENERATED FILE. DO NOT EDIT THIS FILE DIRECTLY.
# yarn lockfile v1


"@hotwired/stimulus@>=3.0.0":
  version "3.0.1"
  resolved "https://registry.yarnpkg.com/@hotwired/stimulus/-/stimulus-3.0.1.tgz#141f15645acaa3b133b7c247cad58ae252ffae85"
  integrity sha512-oHsJhgY2cip+K2ED7vKUNd2P+BEswVhrCYcJ802DSsblJFv7mPFVk3cQKvm2vHgHeDVdnj7oOKrBbzp1u8D+KA==

"@popperjs/core@^2.9.3":
  version "2.11.5"
  resolved "https://registry.yarnpkg.com/@popperjs/core/-/core-2.11.5.tgz#db5a11bf66bdab39569719555b0f76e138d7bd64"
  integrity sha512-9X2obfABZuDVLCgPK9aX0a/x4jaOEweTTWE2+9sr0Qqqevj2Uv5XorvusThmc9XGYpS9yI+fhh8RTafBtGposw==

"@rails/request.js@0.0.6":
  version "0.0.6"
  resolved "https://registry.yarnpkg.com/@rails/request.js/-/request.js-0.0.6.tgz#5f0347a9f363e50ec45118c7134080490cda81d8"
  integrity sha512-dfFWaQXitYJ4kxrgGJNhDNXX54/v10YgoJqBMVe6lhqs6a4N9WD7goZJEvwin82TtK8MqUNhwfyisgKwM6dMdg==

flowbite@^1.4.7:
  version "1.4.7"
  resolved "https://registry.yarnpkg.com/flowbite/-/flowbite-1.4.7.tgz#c7f117441f6755f03f39a151e3274050bffaf32a"
  integrity sha512-/U0gOIY9RFlMWEMAVnjZpVYzSG0uEDlZ0kLCuTURukXSxqkWi3xulqooPlfmf2aw0wEMJy7d/IWEm3DntP4aUw==
  dependencies:
    "@popperjs/core" "^2.9.3"
    mini-svg-data-uri "^1.4.3"

mini-svg-data-uri@^1.4.3:
  version "1.4.4"
  resolved "https://registry.yarnpkg.com/mini-svg-data-uri/-/mini-svg-data-uri-1.4.4.tgz#8ab0aabcdf8c29ad5693ca595af19dd2ead09939"
  integrity sha512-r9deDe9p5FJUPZAk3A59wGH7Ii9YrjjWw0jmw/liSbHl2CHiyXj6FcDXDu2K3TjVAXqiJdaw3xxwlZZr9E6nHg==

tailwindcss-stimulus-components@^3.0.4:
  version "3.0.4"
  resolved "https://registry.yarnpkg.com/tailwindcss-stimulus-components/-/tailwindcss-stimulus-components-3.0.4.tgz#598a880aed1a4966c2bf85fcc9c65fb63d02d2f0"
  integrity sha512-kv4CHEcTvZSmthV6PseSdnW/QqKh237fZrvbNKNhWeYsTuEnOrKvdbR+3CmpuTok7L4XgEXk+XOFfo7AMhhtAA==
  dependencies:
    "@hotwired/stimulus" ">=3.0.0"
